
Microsoft Visual Studio Solution File, Format Version 12.00
# Visual Studio 14
VisualStudioVersion = 14.0.22310.1
MinimumVisualStudioVersion = 10.0.40219.1
Project("{2150E333-8FDC-42A3-9474-1A3956D46DE8}") = "Domain", "Domain", "{FB1329DD-5AFC-4DB6-B37C-E9A042234B33}"
EndProject
Project("{2150E333-8FDC-42A3-9474-1A3956D46DE8}") = "Adapters", "Adapters", "{7FEEFF65-C9C9-4CCB-BE00-FBD5717320BD}"
EndProject
Project("{FAE04EC0-301F-11D3-BF4B-00C04F79EFBC}") = "Domain.Common", "Domain.Common\Domain.Common.csproj", "{6B587842-9E89-43F6-80DE-F2E5EBAFC5B3}"
EndProject
Project("{FAE04EC0-301F-11D3-BF4B-00C04F79EFBC}") = "Project.Adapters", "Project.Infrastructure\Project.Adapters.csproj", "{A364A42E-B221-4EF9-B391-301A2D418F1B}"
EndProject
Global
	GlobalSection(SolutionConfigurationPlatforms) = preSolution
		Debug|Any CPU = Debug|Any CPU
		Release|Any CPU = Release|Any CPU
	EndGlobalSection
	GlobalSection(ProjectConfigurationPlatforms) = postSolution
		{6B587842-9E89-43F6-80DE-F2E5EBAFC5B3}.Debug|Any CPU.ActiveCfg = Debug|Any CPU
		{6B587842-9E89-43F6-80DE-F2E5EBAFC5B3}.Debug|Any CPU.Build.0 = Debug|Any CPU
		{6B587842-9E89-43F6-80DE-F2E5EBAFC5B3}.Release|Any CPU.ActiveCfg = Release|Any CPU
		{6B587842-9E89-43F6-80DE-F2E5EBAFC5B3}.Release|Any CPU.Build.0 = Release|Any CPU
		{A364A42E-B221-4EF9-B391-301A2D418F1B}.Debug|Any CPU.ActiveCfg = Debug|Any CPU
		{A364A42E-B221-4EF9-B391-301A2D418F1B}.Debug|Any CPU.Build.0 = Debug|Any CPU
		{A364A42E-B221-4EF9-B391-301A2D418F1B}.Release|Any CPU.ActiveCfg = Release|Any CPU
		{A364A42E-B221-4EF9-B391-301A2D418F1B}.Release|Any CPU.Build.0 = Release|Any CPU
	EndGlobalSection
	GlobalSection(SolutionProperties) = preSolution
		HideSolutionNode = FALSE
	EndGlobalSection
	GlobalSection(NestedProjects) = preSolution
		{6B587842-9E89-43F6-80DE-F2E5EBAFC5B3} = {FB1329DD-5AFC-4DB6-B37C-E9A042234B33}
		{A364A42E-B221-4EF9-B391-301A2D418F1B} = {7FEEFF65-C9C9-4CCB-BE00-FBD5717320BD}
	EndGlobalSection
EndGlobal
